
Microsoft Visual Studio Solution File, Format Version 12.00
# Visual Studio 15
Project("{FAE04EC0-301F-11D3-BF4B-00C04F79EFBC}") = "Assembly-CSharp", "Assembly-CSharp.csproj", "{059E14A7-87DB-BC77-6A85-58C372A0BE8E}"
EndProject
Project("{FAE04EC0-301F-11D3-BF4B-00C04F79EFBC}") = "Assembly-CSharp-Editor", "Assembly-CSharp-Editor.csproj", "{7F41DA24-9BAB-01D1-428F-65B1E299DB13}"
EndProject
Global
	GlobalSection(SolutionConfigurationPlatforms) = preSolution
		Debug|Any CPU = Debug|Any CPU
		Release|Any CPU = Release|Any CPU
	EndGlobalSection
	GlobalSection(ProjectConfigurationPlatforms) = postSolution
		{059E14A7-87DB-BC77-6A85-58C372A0BE8E}.Debug|Any CPU.ActiveCfg = Debug|Any CPU
		{059E14A7-87DB-BC77-6A85-58C372A0BE8E}.Debug|Any CPU.Build.0 = Debug|Any CPU
		{059E14A7-87DB-BC77-6A85-58C372A0BE8E}.Release|Any CPU.ActiveCfg = Release|Any CPU
		{059E14A7-87DB-BC77-6A85-58C372A0BE8E}.Release|Any CPU.Build.0 = Release|Any CPU
		{7F41DA24-9BAB-01D1-428F-65B1E299DB13}.Debug|Any CPU.ActiveCfg = Debug|Any CPU
		{7F41DA24-9BAB-01D1-428F-65B1E299DB13}.Debug|Any CPU.Build.0 = Debug|Any CPU
		{7F41DA24-9BAB-01D1-428F-65B1E299DB13}.Release|Any CPU.ActiveCfg = Release|Any CPU
		{7F41DA24-9BAB-01D1-428F-65B1E299DB13}.Release|Any CPU.Build.0 = Release|Any CPU
	EndGlobalSection
	GlobalSection(SolutionProperties) = preSolution
		HideSolutionNode = FALSE
	EndGlobalSection
EndGlobal
